
Microsoft Visual Studio Solution File, Format Version 12.00
# Visual Studio 2013
VisualStudioVersion = 12.0.30501.0
MinimumVisualStudioVersion = 10.0.40219.1
Project("{FAE04EC0-301F-11D3-BF4B-00C04F79EFBC}") = "RoleTakingSummaryFromAgenda", "RoleTakingSummaryFromAgenda\RoleTakingSummaryFromAgenda.csproj", "{6E88A37D-3B96-4DB7-B89E-E7D097B5A473}"
EndProject
Project("{FAE04EC0-301F-11D3-BF4B-00C04F79EFBC}") = "UnitTests", "UnitTests\UnitTests.csproj", "{B98C6A1F-E856-4279-9B59-5F2DCC11BDBE}"
EndProject
Global
	GlobalSection(SolutionConfigurationPlatforms) = preSolution
		Debug|Any CPU = Debug|Any CPU
		Release|Any CPU = Release|Any CPU
	EndGlobalSection
	GlobalSection(ProjectConfigurationPlatforms) = postSolution
		{6E88A37D-3B96-4DB7-B89E-E7D097B5A473}.Debug|Any CPU.ActiveCfg = Debug|Any CPU
		{6E88A37D-3B96-4DB7-B89E-E7D097B5A473}.Debug|Any CPU.Build.0 = Debug|Any CPU
		{6E88A37D-3B96-4DB7-B89E-E7D097B5A473}.Release|Any CPU.ActiveCfg = Release|Any CPU
		{6E88A37D-3B96-4DB7-B89E-E7D097B5A473}.Release|Any CPU.Build.0 = Release|Any CPU
		{B98C6A1F-E856-4279-9B59-5F2DCC11BDBE}.Debug|Any CPU.ActiveCfg = Debug|Any CPU
		{B98C6A1F-E856-4279-9B59-5F2DCC11BDBE}.Debug|Any CPU.Build.0 = Debug|Any CPU
		{B98C6A1F-E856-4279-9B59-5F2DCC11BDBE}.Release|Any CPU.ActiveCfg = Release|Any CPU
		{B98C6A1F-E856-4279-9B59-5F2DCC11BDBE}.Release|Any CPU.Build.0 = Release|Any CPU
	EndGlobalSection
	GlobalSection(SolutionProperties) = preSolution
		HideSolutionNode = FALSE
	EndGlobalSection
EndGlobal
